PODS:
  - ExcoMobileSDK (1.1.9)
  - ObjcExceptionBridging (7.1.5):
    - ObjcExceptionBridging/ObjcExceptionBridging (= 7.1.5)
  - ObjcExceptionBridging/ObjcExceptionBridging (7.1.5)
  - OMSDK_Exco (1.4.8)
  - XCGLogger (7.1.5):
    - XCGLogger/Core (= 7.1.5)
  - XCGLogger/Core (7.1.5):
    - ObjcExceptionBridging

DEPENDENCIES:
  - ExcoMobileSDK
  - OMSDK_Exco (~> 1.4.8)
  - XCGLogger

SPEC REPOS:
  trunk:
    - ExcoMobileSDK
    - ObjcExceptionBridging
    - OMSDK_Exco
    - XCGLogger

SPEC CHECKSUMS:
  ExcoMobileSDK: ec0c0ce612225d350c32c01e8c8f04a42664bb47
  ObjcExceptionBridging: d3d37d62981bb7f252ecb31b62d7e23a96bbfb8a
  OMSDK_Exco: 14274bb1b8a06b2421f733bfc8ebfefa2d76a0a0
  XCGLogger: 399c5885210b4e2ad79d9f7a29b105d672ef724f

PODFILE CHECKSUM: 2f0947feba3af32e287da5b37a045252029335f8

COCOAPODS: 1.15.2
